
Microsoft Visual Studio Solution File, Format Version 12.00
# Visual Studio Version 17
VisualStudioVersion = 17.0.31903.59
MinimumVisualStudioVersion = 10.0.40219.1
Project("{9A19103F-16F7-4668-BE54-9A1E7A4F7556}") = "TakeSword", "TakeSword\TakeSword.csproj", "{F4FFF857-CD38-431D-8921-6EA0E904C87B}"
EndProject
Project("{9A19103F-16F7-4668-BE54-9A1E7A4F7556}") = "TakeSwordTests", "TakeSwordTests\TakeSwordTests.csproj", "{BFB04823-4FBD-48A6-A30D-F952C6717082}"
EndProject
Project("{2150E333-8FDC-42A3-9474-1A3956D46DE8}") = "Solution Items", "Solution Items", "{09D02831-2AD6-49DF-983E-91B6E3349AB8}"
EndProject
Global
	GlobalSection(SolutionConfigurationPlatforms) = preSolution
		Debug|Any CPU = Debug|Any CPU
		Debug|x64 = Debug|x64
		Release|Any CPU = Release|Any CPU
		Release|x64 = Release|x64
	EndGlobalSection
	GlobalSection(ProjectConfigurationPlatforms) = postSolution
		{F4FFF857-CD38-431D-8921-6EA0E904C87B}.Debug|Any CPU.ActiveCfg = Debug|Any CPU
		{F4FFF857-CD38-431D-8921-6EA0E904C87B}.Debug|Any CPU.Build.0 = Debug|Any CPU
		{F4FFF857-CD38-431D-8921-6EA0E904C87B}.Debug|x64.ActiveCfg = Debug|x64
		{F4FFF857-CD38-431D-8921-6EA0E904C87B}.Debug|x64.Build.0 = Debug|x64
		{F4FFF857-CD38-431D-8921-6EA0E904C87B}.Release|Any CPU.ActiveCfg = Release|Any CPU
		{F4FFF857-CD38-431D-8921-6EA0E904C87B}.Release|Any CPU.Build.0 = Release|Any CPU
		{F4FFF857-CD38-431D-8921-6EA0E904C87B}.Release|x64.ActiveCfg = Release|x64
		{F4FFF857-CD38-431D-8921-6EA0E904C87B}.Release|x64.Build.0 = Release|x64
		{BFB04823-4FBD-48A6-A30D-F952C6717082}.Debug|Any CPU.ActiveCfg = Debug|Any CPU
		{BFB04823-4FBD-48A6-A30D-F952C6717082}.Debug|Any CPU.Build.0 = Debug|Any CPU
		{BFB04823-4FBD-48A6-A30D-F952C6717082}.Debug|x64.ActiveCfg = Debug|Any CPU
		{BFB04823-4FBD-48A6-A30D-F952C6717082}.Debug|x64.Build.0 = Debug|Any CPU
		{BFB04823-4FBD-48A6-A30D-F952C6717082}.Release|Any CPU.ActiveCfg = Release|Any CPU
		{BFB04823-4FBD-48A6-A30D-F952C6717082}.Release|Any CPU.Build.0 = Release|Any CPU
		{BFB04823-4FBD-48A6-A30D-F952C6717082}.Release|x64.ActiveCfg = Release|Any CPU
		{BFB04823-4FBD-48A6-A30D-F952C6717082}.Release|x64.Build.0 = Release|Any CPU
	EndGlobalSection
	GlobalSection(SolutionProperties) = preSolution
		HideSolutionNode = FALSE
	EndGlobalSection
	GlobalSection(ExtensibilityGlobals) = postSolution
		SolutionGuid = {5674DEA4-935C-4595-B578-4D99E4648DD8}
	EndGlobalSection
EndGlobal
